// !$*UTF8*$!
{
	archiveVersion = 1;
	classes = {
	};
	objectVersion = 46;
	objects = {

/* Begin PBXBuildFile section */
		25A9A01C1CAF8B1100A6DF99 /* main.m in Sources */ = {isa = PBXBuildFile; fileRef = 25A9A01B1CAF8B1100A6DF99 /* main.m */; };
/* End PBXBuildFile section */

/* Begin PBXCopyFilesBuildPhase section */
		25A9A0161CAF8B1100A6DF99 /* CopyFiles */ = {
			isa = PBXCopyFilesBuildPhase;
			buildActionMask = 2147483647;
			dstPath = /usr/share/man/man1/;
			dstSubfolderSpec = 0;
			files = (
			);
			runOnlyForDeploymentPostprocessing = 1;
		};
/* End PBXCopyFilesBuildPhase section */

/* Begin PBXFileReference section */
		25A9A0181CAF8B1100A6DF99 /* Project_Euler_38 */ = {isa = PBXFileReference; explicitFileType = "compiled.mach-o.executable"; includeInIndex = 0; path = Project_Euler_38; sourceTree = BUILT_PRODUCTS_DIR; };
		25A9A01B1CAF8B1100A6DF99 /* main.m */ = {isa = PBXFileReference; lastKnownFileType = sourcecode.c.objc; path = main.m; sourceTree = "<group>"; };
/* End PBXFileReference section */

/* Begin PBXFrameworksBuildPhase section */
		25A9A0151CAF8B1100A6DF99 /* Frameworks */ = {
			isa = PBXFrameworksBuildPhase;
			buildActionMask = 2147483647;
			files = (
			);
			runOnlyForDeploymentPostprocessing = 0;
		};
/* End PBXFrameworksBuildPhase section */

/* Begin PBXGroup section */
		25A9A00F1CAF8B1100A6DF99 = {
			isa = PBXGroup;
			children = (
				25A9A01A1CAF8B1100A6DF99 /* Project_Euler_38 */,
				25A9A0191CAF8B1100A6DF99 /* Products */,
			);
			sourceTree = "<group>";
		};
		25A9A0191CAF8B1100A6DF99 /* Products */ = {
			isa = PBXGroup;
			children = (
				25A9A0181CAF8B1100A6DF99 /* Project_Euler_38 */,
			);
			name = Products;
			sourceTree = "<group>";
		};
		25A9A01A1CAF8B1100A6DF99 /* Project_Euler_38 */ = {
			isa = PBXGroup;
			children = (
				25A9A01B1CAF8B1100A6DF99 /* main.m */,
			);
			path = Project_Euler_38;
			sourceTree = "<group>";
		};
/* End PBXGroup section */

/* Begin PBXNativeTarget section */
		25A9A0171CAF8B1100A6DF99 /* Project_Euler_38 */ = {
			isa = PBXNativeTarget;
			buildConfigurationList = 25A9A01F1CAF8B1100A6DF99 /* Build configuration list for PBXNativeTarget "Project_Euler_38" */;
			buildPhases = (
				25A9A0141CAF8B1100A6DF99 /* Sources */,
				25A9A0151CAF8B1100A6DF99 /* Frameworks */,
				25A9A0161CAF8B1100A6DF99 /* CopyFiles */,
			);
			buildRules = (
			);
			dependencies = (
			);
			name = Project_Euler_38;
			productName = Project_Euler_38;
			productReference = 25A9A0181CAF8B1100A6DF99 /* Project_Euler_38 */;
			productType = "com.apple.product-type.tool";
		};
/* End PBXNativeTarget section */

/* Begin PBXProject section */
		25A9A0101CAF8B1100A6DF99 /* Project object */ = {
			isa = PBXProject;
			attributes = {
				LastUpgradeCheck = 0720;
				ORGANIZATIONNAME = Virata;
				TargetAttributes = {
					25A9A0171CAF8B1100A6DF99 = {
						CreatedOnToolsVersion = 7.2;
					};
				};
			};
			buildConfigurationList = 25A9A0131CAF8B1100A6DF99 /* Build configuration list for PBXProject "Project_Euler_38" */;
			compatibilityVersion = "Xcode 3.2";
			developmentRegion = English;
			hasScannedForEncodings = 0;
			knownRegions = (
				en,
			);
			mainGroup = 25A9A00F1CAF8B1100A6DF99;
			productRefGroup = 25A9A0191CAF8B1100A6DF99 /* Products */;
			projectDirPath = "";
			projectRoot = "";
			targets = (
				25A9A0171CAF8B1100A6DF99 /* Project_Euler_38 */,
			);
		};
/* End PBXProject section */

/* Begin PBXSourcesBuildPhase section */
		25A9A0141CAF8B1100A6DF99 /* Sources */ = {
			isa = PBXSourcesBuildPhase;
			buildActionMask = 2147483647;
			files = (
				25A9A01C1CAF8B1100A6DF99 /* main.m in Sources */,
			);
			runOnlyForDeploymentPostprocessing = 0;
		};
/* End PBXSourcesBuildPhase section */

/* Begin XCBuildConfiguration section */
		25A9A01D1CAF8B1100A6DF99 /* Debug */ = {
			isa = XCBuildConfiguration;
			buildSettings = {
				ALWAYS_SEARCH_USER_PATHS = NO;
				CLANG_CXX_LANGUAGE_STANDARD = "gnu++0x";
				CLANG_CXX_LIBRARY = "libc++";
				CLANG_ENABLE_MODULES = YES;
				CLANG_ENABLE_OBJC_ARC = YES;
				CLANG_WARN_BOOL_CONVERSION = YES;
				CLANG_WARN_CONSTANT_CONVERSION = YES;
				CLANG_WARN_DIRECT_OBJC_ISA_USAGE = YES_ERROR;
				CLANG_WARN_EMPTY_BODY = YES;
				CLANG_WARN_ENUM_CONVERSION = YES;
				CLANG_WARN_INT_CONVERSION = YES;
				CLANG_WARN_OBJC_ROOT_CLASS = YES_ERROR;
				CLANG_WARN_UNREACHABLE_CODE = YES;
				CLANG_WARN__DUPLICATE_METHOD_MATCH = YES;
				CODE_SIGN_IDENTITY = "-";
				COPY_PHASE_STRIP = NO;
				DEBUG_INFORMATION_FORMAT = dwarf;
				ENABLE_STRICT_OBJC_MSGSEND = YES;
				ENABLE_TESTABILITY = YES;
				GCC_C_LANGUAGE_STANDARD = gnu99;
				GCC_DYNAMIC_NO_PIC = NO;
				GCC_NO_COMMON_BLOCKS = YES;
				GCC_OPTIMIZATION_LEVEL = 0;
				GCC_PREPROCESSOR_DEFINITIONS = (
					"DEBUG=1",
					"$(inherited)",
				);
				GCC_WARN_64_TO_32_BIT_CONVERSION = YES;
				GCC_WARN_ABOUT_RETURN_TYPE = YES_ERROR;
				GCC_WARN_UNDECLARED_SELECTOR = YES;
				GCC_WARN_UNINITIALIZED_AUTOS = YES_AGGRESSIVE;
				GCC_WARN_UNUSED_FUNCTION = YES;
				GCC_WARN_UNUSED_VARIABLE = YES;
				MACOSX_DEPLOYMENT_TARGET = 10.11;
				MTL_ENABLE_DEBUG_INFO = YES;
				ONLY_ACTIVE_ARCH = YES;
				SDKROOT = macosx;
			};
			name = Debug;
		};
		25A9A01E1CAF8B1100A6DF99 /* Release */ = {
			isa = XCBuildConfiguration;
			buildSettings = {
				ALWAYS_SEARCH_USER_PATHS = NO;
				CLANG_CXX_LANGUAGE_STANDARD = "gnu++0x";
				CLANG_CXX_LIBRARY = "libc++";
				CLANG_ENABLE_MODULES = YES;
				CLANG_ENABLE_OBJC_ARC = YES;
				CLANG_WARN_BOOL_CONVERSION = YES;
				CLANG_WARN_CONSTANT_CONVERSION = YES;
				CLANG_WARN_DIRECT_OBJC_ISA_USAGE = YES_ERROR;
				CLANG_WARN_EMPTY_BODY = YES;
				CLANG_WARN_ENUM_CONVERSION = YES;
				CLANG_WARN_INT_CONVERSION = YES;
				CLANG_WARN_OBJC_ROOT_CLASS = YES_ERROR;
				CLANG_WARN_UNREACHABLE_CODE = YES;
				CLANG_WARN__DUPLICATE_METHOD_MATCH = YES;
				CODE_SIGN_IDENTITY = "-";
				COPY_PHASE_STRIP = NO;
				DEBUG_INFORMATION_FORMAT = "dwarf-with-dsym";
				ENABLE_NS_ASSERTIONS = NO;
				ENABLE_STRICT_OBJC_MSGSEND = YES;
				GCC_C_LANGUAGE_STANDARD = gnu99;
				GCC_NO_COMMON_BLOCKS = YES;
				GCC_WARN_64_TO_32_BIT_CONVERSION = YES;
				GCC_WARN_ABOUT_RETURN_TYPE = YES_ERROR;
				GCC_WARN_UNDECLARED_SELECTOR = YES;
				GCC_WARN_UNINITIALIZED_AUTOS = YES_AGGRESSIVE;
				GCC_WARN_UNUSED_FUNCTION = YES;
				GCC_WARN_UNUSED_VARIABLE = YES;
				MACOSX_DEPLOYMENT_TARGET = 10.11;
				MTL_ENABLE_DEBUG_INFO = NO;
				SDKROOT = macosx;
			};
			name = Release;
		};
		25A9A0201CAF8B1100A6DF99 /* Debug */ = {
			isa = XCBuildConfiguration;
			buildSettings = {
				PRODUCT_NAME = "$(TARGET_NAME)";
			};
			name = Debug;
		};
		25A9A0211CAF8B1100A6DF99 /* Release */ = {
			isa = XCBuildConfiguration;
			buildSettings = {
				PRODUCT_NAME = "$(TARGET_NAME)";
			};
			name = Release;
		};
/* End XCBuildConfiguration section */

/* Begin XCConfigurationList section */
		25A9A0131CAF8B1100A6DF99 /* Build configuration list for PBXProject "Project_Euler_38" */ = {
			isa = XCConfigurationList;
			buildConfigurations = (
				25A9A01D1CAF8B1100A6DF99 /* Debug */,
				25A9A01E1CAF8B1100A6DF99 /* Release */,
			);
			defaultConfigurationIsVisible = 0;
			defaultConfigurationName = Release;
		};
		25A9A01F1CAF8B1100A6DF99 /* Build configuration list for PBXNativeTarget "Project_Euler_38" */ = {
			isa = XCConfigurationList;
			buildConfigurations = (
				25A9A0201CAF8B1100A6DF99 /* Debug */,
				25A9A0211CAF8B1100A6DF99 /* Release */,
			);
			defaultConfigurationIsVisible = 0;
		};
/* End XCConfigurationList section */
	};
	rootObject = 25A9A0101CAF8B1100A6DF99 /* Project object */;
}
