// !$*UTF8*$!
{
	archiveVersion = 1;
	classes = {
	};
	objectVersion = 46;
	objects = {

/* Begin PBXBuildFile section */
		25BBC5801C7FBFBE0026A37E /* main.m in Sources */ = {isa = PBXBuildFile; fileRef = 25BBC57F1C7FBFBE0026A37E /* main.m */; };
/* End PBXBuildFile section */

/* Begin PBXCopyFilesBuildPhase section */
		25BBC57A1C7FBFBE0026A37E /* CopyFiles */ = {
			isa = PBXCopyFilesBuildPhase;
			buildActionMask = 2147483647;
			dstPath = /usr/share/man/man1/;
			dstSubfolderSpec = 0;
			files = (
			);
			runOnlyForDeploymentPostprocessing = 1;
		};
/* End PBXCopyFilesBuildPhase section */

/* Begin PBXFileReference section */
		25BBC57C1C7FBFBE0026A37E /* Project_Euler_25 */ = {isa = PBXFileReference; explicitFileType = "compiled.mach-o.executable"; includeInIndex = 0; path = Project_Euler_25; sourceTree = BUILT_PRODUCTS_DIR; };
		25BBC57F1C7FBFBE0026A37E /* main.m */ = {isa = PBXFileReference; lastKnownFileType = sourcecode.c.objc; path = main.m; sourceTree = "<group>"; };
/* End PBXFileReference section */

/* Begin PBXFrameworksBuildPhase section */
		25BBC5791C7FBFBE0026A37E /* Frameworks */ = {
			isa = PBXFrameworksBuildPhase;
			buildActionMask = 2147483647;
			files = (
			);
			runOnlyForDeploymentPostprocessing = 0;
		};
/* End PBXFrameworksBuildPhase section */

/* Begin PBXGroup section */
		25BBC5731C7FBFBE0026A37E = {
			isa = PBXGroup;
			children = (
				25BBC57E1C7FBFBE0026A37E /* Project_Euler_25 */,
				25BBC57D1C7FBFBE0026A37E /* Products */,
			);
			sourceTree = "<group>";
		};
		25BBC57D1C7FBFBE0026A37E /* Products */ = {
			isa = PBXGroup;
			children = (
				25BBC57C1C7FBFBE0026A37E /* Project_Euler_25 */,
			);
			name = Products;
			sourceTree = "<group>";
		};
		25BBC57E1C7FBFBE0026A37E /* Project_Euler_25 */ = {
			isa = PBXGroup;
			children = (
				25BBC57F1C7FBFBE0026A37E /* main.m */,
			);
			path = Project_Euler_25;
			sourceTree = "<group>";
		};
/* End PBXGroup section */

/* Begin PBXNativeTarget section */
		25BBC57B1C7FBFBE0026A37E /* Project_Euler_25 */ = {
			isa = PBXNativeTarget;
			buildConfigurationList = 25BBC5831C7FBFBE0026A37E /* Build configuration list for PBXNativeTarget "Project_Euler_25" */;
			buildPhases = (
				25BBC5781C7FBFBE0026A37E /* Sources */,
				25BBC5791C7FBFBE0026A37E /* Frameworks */,
				25BBC57A1C7FBFBE0026A37E /* CopyFiles */,
			);
			buildRules = (
			);
			dependencies = (
			);
			name = Project_Euler_25;
			productName = Project_Euler_25;
			productReference = 25BBC57C1C7FBFBE0026A37E /* Project_Euler_25 */;
			productType = "com.apple.product-type.tool";
		};
/* End PBXNativeTarget section */

/* Begin PBXProject section */
		25BBC5741C7FBFBE0026A37E /* Project object */ = {
			isa = PBXProject;
			attributes = {
				LastUpgradeCheck = 0720;
				ORGANIZATIONNAME = Virata;
				TargetAttributes = {
					25BBC57B1C7FBFBE0026A37E = {
						CreatedOnToolsVersion = 7.2;
					};
				};
			};
			buildConfigurationList = 25BBC5771C7FBFBE0026A37E /* Build configuration list for PBXProject "Project_Euler_25" */;
			compatibilityVersion = "Xcode 3.2";
			developmentRegion = English;
			hasScannedForEncodings = 0;
			knownRegions = (
				en,
			);
			mainGroup = 25BBC5731C7FBFBE0026A37E;
			productRefGroup = 25BBC57D1C7FBFBE0026A37E /* Products */;
			projectDirPath = "";
			projectRoot = "";
			targets = (
				25BBC57B1C7FBFBE0026A37E /* Project_Euler_25 */,
			);
		};
/* End PBXProject section */

/* Begin PBXSourcesBuildPhase section */
		25BBC5781C7FBFBE0026A37E /* Sources */ = {
			isa = PBXSourcesBuildPhase;
			buildActionMask = 2147483647;
			files = (
				25BBC5801C7FBFBE0026A37E /* main.m in Sources */,
			);
			runOnlyForDeploymentPostprocessing = 0;
		};
/* End PBXSourcesBuildPhase section */

/* Begin XCBuildConfiguration section */
		25BBC5811C7FBFBE0026A37E /* Debug */ = {
			isa = XCBuildConfiguration;
			buildSettings = {
				ALWAYS_SEARCH_USER_PATHS = NO;
				CLANG_CXX_LANGUAGE_STANDARD = "gnu++0x";
				CLANG_CXX_LIBRARY = "libc++";
				CLANG_ENABLE_MODULES = YES;
				CLANG_ENABLE_OBJC_ARC = YES;
				CLANG_WARN_BOOL_CONVERSION = YES;
				CLANG_WARN_CONSTANT_CONVERSION = YES;
				CLANG_WARN_DIRECT_OBJC_ISA_USAGE = YES_ERROR;
				CLANG_WARN_EMPTY_BODY = YES;
				CLANG_WARN_ENUM_CONVERSION = YES;
				CLANG_WARN_INT_CONVERSION = YES;
				CLANG_WARN_OBJC_ROOT_CLASS = YES_ERROR;
				CLANG_WARN_UNREACHABLE_CODE = YES;
				CLANG_WARN__DUPLICATE_METHOD_MATCH = YES;
				CODE_SIGN_IDENTITY = "-";
				COPY_PHASE_STRIP = NO;
				DEBUG_INFORMATION_FORMAT = dwarf;
				ENABLE_STRICT_OBJC_MSGSEND = YES;
				ENABLE_TESTABILITY = YES;
				GCC_C_LANGUAGE_STANDARD = gnu99;
				GCC_DYNAMIC_NO_PIC = NO;
				GCC_NO_COMMON_BLOCKS = YES;
				GCC_OPTIMIZATION_LEVEL = 0;
				GCC_PREPROCESSOR_DEFINITIONS = (
					"DEBUG=1",
					"$(inherited)",
				);
				GCC_WARN_64_TO_32_BIT_CONVERSION = YES;
				GCC_WARN_ABOUT_RETURN_TYPE = YES_ERROR;
				GCC_WARN_UNDECLARED_SELECTOR = YES;
				GCC_WARN_UNINITIALIZED_AUTOS = YES_AGGRESSIVE;
				GCC_WARN_UNUSED_FUNCTION = YES;
				GCC_WARN_UNUSED_VARIABLE = YES;
				MACOSX_DEPLOYMENT_TARGET = 10.11;
				MTL_ENABLE_DEBUG_INFO = YES;
				ONLY_ACTIVE_ARCH = YES;
				SDKROOT = macosx;
			};
			name = Debug;
		};
		25BBC5821C7FBFBE0026A37E /* Release */ = {
			isa = XCBuildConfiguration;
			buildSettings = {
				ALWAYS_SEARCH_USER_PATHS = NO;
				CLANG_CXX_LANGUAGE_STANDARD = "gnu++0x";
				CLANG_CXX_LIBRARY = "libc++";
				CLANG_ENABLE_MODULES = YES;
				CLANG_ENABLE_OBJC_ARC = YES;
				CLANG_WARN_BOOL_CONVERSION = YES;
				CLANG_WARN_CONSTANT_CONVERSION = YES;
				CLANG_WARN_DIRECT_OBJC_ISA_USAGE = YES_ERROR;
				CLANG_WARN_EMPTY_BODY = YES;
				CLANG_WARN_ENUM_CONVERSION = YES;
				CLANG_WARN_INT_CONVERSION = YES;
				CLANG_WARN_OBJC_ROOT_CLASS = YES_ERROR;
				CLANG_WARN_UNREACHABLE_CODE = YES;
				CLANG_WARN__DUPLICATE_METHOD_MATCH = YES;
				CODE_SIGN_IDENTITY = "-";
				COPY_PHASE_STRIP = NO;
				DEBUG_INFORMATION_FORMAT = "dwarf-with-dsym";
				ENABLE_NS_ASSERTIONS = NO;
				ENABLE_STRICT_OBJC_MSGSEND = YES;
				GCC_C_LANGUAGE_STANDARD = gnu99;
				GCC_NO_COMMON_BLOCKS = YES;
				GCC_WARN_64_TO_32_BIT_CONVERSION = YES;
				GCC_WARN_ABOUT_RETURN_TYPE = YES_ERROR;
				GCC_WARN_UNDECLARED_SELECTOR = YES;
				GCC_WARN_UNINITIALIZED_AUTOS = YES_AGGRESSIVE;
				GCC_WARN_UNUSED_FUNCTION = YES;
				GCC_WARN_UNUSED_VARIABLE = YES;
				MACOSX_DEPLOYMENT_TARGET = 10.11;
				MTL_ENABLE_DEBUG_INFO = NO;
				SDKROOT = macosx;
			};
			name = Release;
		};
		25BBC5841C7FBFBE0026A37E /* Debug */ = {
			isa = XCBuildConfiguration;
			buildSettings = {
				PRODUCT_NAME = "$(TARGET_NAME)";
			};
			name = Debug;
		};
		25BBC5851C7FBFBE0026A37E /* Release */ = {
			isa = XCBuildConfiguration;
			buildSettings = {
				PRODUCT_NAME = "$(TARGET_NAME)";
			};
			name = Release;
		};
/* End XCBuildConfiguration section */

/* Begin XCConfigurationList section */
		25BBC5771C7FBFBE0026A37E /* Build configuration list for PBXProject "Project_Euler_25" */ = {
			isa = XCConfigurationList;
			buildConfigurations = (
				25BBC5811C7FBFBE0026A37E /* Debug */,
				25BBC5821C7FBFBE0026A37E /* Release */,
			);
			defaultConfigurationIsVisible = 0;
			defaultConfigurationName = Release;
		};
		25BBC5831C7FBFBE0026A37E /* Build configuration list for PBXNativeTarget "Project_Euler_25" */ = {
			isa = XCConfigurationList;
			buildConfigurations = (
				25BBC5841C7FBFBE0026A37E /* Debug */,
				25BBC5851C7FBFBE0026A37E /* Release */,
			);
			defaultConfigurationIsVisible = 0;
		};
/* End XCConfigurationList section */
	};
	rootObject = 25BBC5741C7FBFBE0026A37E /* Project object */;
}
